// !$*UTF8*$!
{
	archiveVersion = 1;
	classes = {
	};
	objectVersion = 50;
	objects = {

/* Begin PBXBuildFile section */
		0A4C82862413BBCE0032F185 /* AppDelegate.swift in Sources */ = {isa = PBXBuildFile; fileRef = 0A4C82852413BBCE0032F185 /* AppDelegate.swift */; };
		0A4C82882413BBCE0032F185 /* SceneDelegate.swift in Sources */ = {isa = PBXBuildFile; fileRef = 0A4C82872413BBCE0032F185 /* SceneDelegate.swift */; };
		0A4C828A2413BBCE0032F185 /* ViewController.swift in Sources */ = {isa = PBXBuildFile; fileRef = 0A4C82892413BBCE0032F185 /* ViewController.swift */; };
		0A4C828D2413BBCE0032F185 /* Main.storyboard in Resources */ = {isa = PBXBuildFile; fileRef = 0A4C828B2413BBCE0032F185 /* Main.storyboard */; };
		0A4C828F2413BBCF0032F185 /* Assets.xcassets in Resources */ = {isa = PBXBuildFile; fileRef = 0A4C828E2413BBCE0032F185 /* Assets.xcassets */; };
		0A4C82922413BBCF0032F185 /* LaunchScreen.storyboard in Resources */ = {isa = PBXBuildFile; fileRef = 0A4C82902413BBCF0032F185 /* LaunchScreen.storyboard */; };
		0A4C829D2413BBCF0032F185 /* QueueTests.swift in Sources */ = {isa = PBXBuildFile; fileRef = 0A4C829C2413BBCF0032F185 /* QueueTests.swift */; };
		0A4C82A82413BBCF0032F185 /* QueueUITests.swift in Sources */ = {isa = PBXBuildFile; fileRef = 0A4C82A72413BBCF0032F185 /* QueueUITests.swift */; };
		0A4C82B62413BBF20032F185 /* FIFOQueue.swift in Sources */ = {isa = PBXBuildFile; fileRef = 0A4C82B52413BBF20032F185 /* FIFOQueue.swift */; };
		0A58959B2414900B004CA7D6 /* FIFOQueue.swift in Sources */ = {isa = PBXBuildFile; fileRef = 0A4C82B52413BBF20032F185 /* FIFOQueue.swift */; };
		0A58959D2414A9AA004CA7D6 /* List.swift in Sources */ = {isa = PBXBuildFile; fileRef = 0A58959C2414A9AA004CA7D6 /* List.swift */; };
		0A58959E2414A9AA004CA7D6 /* List.swift in Sources */ = {isa = PBXBuildFile; fileRef = 0A58959C2414A9AA004CA7D6 /* List.swift */; };
/* End PBXBuildFile section */

/* Begin PBXContainerItemProxy section */
		0A4C82992413BBCF0032F185 /* PBXContainerItemProxy */ = {
			isa = PBXContainerItemProxy;
			containerPortal = 0A4C827A2413BBCE0032F185 /* Project object */;
			proxyType = 1;
			remoteGlobalIDString = 0A4C82812413BBCE0032F185;
			remoteInfo = Queue;
		};
		0A4C82A42413BBCF0032F185 /* PBXContainerItemProxy */ = {
			isa = PBXContainerItemProxy;
			containerPortal = 0A4C827A2413BBCE0032F185 /* Project object */;
			proxyType = 1;
			remoteGlobalIDString = 0A4C82812413BBCE0032F185;
			remoteInfo = Queue;
		};
/* End PBXContainerItemProxy section */

/* Begin PBXFileReference section */
		0A4C82822413BBCE0032F185 /* Queue.app */ = {isa = PBXFileReference; explicitFileType = wrapper.application; includeInIndex = 0; path = Queue.app; sourceTree = BUILT_PRODUCTS_DIR; };
		0A4C82852413BBCE0032F185 /* AppDelegate.swift */ = {isa = PBXFileReference; lastKnownFileType = sourcecode.swift; path = AppDelegate.swift; sourceTree = "<group>"; };
		0A4C82872413BBCE0032F185 /* SceneDelegate.swift */ = {isa = PBXFileReference; lastKnownFileType = sourcecode.swift; path = SceneDelegate.swift; sourceTree = "<group>"; };
		0A4C82892413BBCE0032F185 /* ViewController.swift */ = {isa = PBXFileReference; lastKnownFileType = sourcecode.swift; path = ViewController.swift; sourceTree = "<group>"; };
		0A4C828C2413BBCE0032F185 /* Base */ = {isa = PBXFileReference; lastKnownFileType = file.storyboard; name = Base; path = Base.lproj/Main.storyboard; sourceTree = "<group>"; };
		0A4C828E2413BBCE0032F185 /* Assets.xcassets */ = {isa = PBXFileReference; lastKnownFileType = folder.assetcatalog; path = Assets.xcassets; sourceTree = "<group>"; };
		0A4C82912413BBCF0032F185 /* Base */ = {isa = PBXFileReference; lastKnownFileType = file.storyboard; name = Base; path = Base.lproj/LaunchScreen.storyboard; sourceTree = "<group>"; };
		0A4C82932413BBCF0032F185 /* Info.plist */ = {isa = PBXFileReference; lastKnownFileType = text.plist.xml; path = Info.plist; sourceTree = "<group>"; };
		0A4C82982413BBCF0032F185 /* QueueTests.xctest */ = {isa = PBXFileReference; explicitFileType = wrapper.cfbundle; includeInIndex = 0; path = QueueTests.xctest; sourceTree = BUILT_PRODUCTS_DIR; };
		0A4C829C2413BBCF0032F185 /* QueueTests.swift */ = {isa = PBXFileReference; lastKnownFileType = sourcecode.swift; path = QueueTests.swift; sourceTree = "<group>"; };
		0A4C829E2413BBCF0032F185 /* Info.plist */ = {isa = PBXFileReference; lastKnownFileType = text.plist.xml; path = Info.plist; sourceTree = "<group>"; };
		0A4C82A32413BBCF0032F185 /* QueueUITests.xctest */ = {isa = PBXFileReference; explicitFileType = wrapper.cfbundle; includeInIndex = 0; path = QueueUITests.xctest; sourceTree = BUILT_PRODUCTS_DIR; };
		0A4C82A72413BBCF0032F185 /* QueueUITests.swift */ = {isa = PBXFileReference; lastKnownFileType = sourcecode.swift; path = QueueUITests.swift; sourceTree = "<group>"; };
		0A4C82A92413BBCF0032F185 /* Info.plist */ = {isa = PBXFileReference; lastKnownFileType = text.plist.xml; path = Info.plist; sourceTree = "<group>"; };
		0A4C82B52413BBF20032F185 /* FIFOQueue.swift */ = {isa = PBXFileReference; lastKnownFileType = sourcecode.swift; path = FIFOQueue.swift; sourceTree = "<group>"; };
		0A58959C2414A9AA004CA7D6 /* List.swift */ = {isa = PBXFileReference; lastKnownFileType = sourcecode.swift; path = List.swift; sourceTree = SOURCE_ROOT; };
/* End PBXFileReference section */

/* Begin PBXFrameworksBuildPhase section */
		0A4C827F2413BBCE0032F185 /* Frameworks */ = {
			isa = PBXFrameworksBuildPhase;
			buildActionMask = 2147483647;
			files = (
			);
			runOnlyForDeploymentPostprocessing = 0;
		};
		0A4C82952413BBCF0032F185 /* Frameworks */ = {
			isa = PBXFrameworksBuildPhase;
			buildActionMask = 2147483647;
			files = (
			);
			runOnlyForDeploymentPostprocessing = 0;
		};
		0A4C82A02413BBCF0032F185 /* Frameworks */ = {
			isa = PBXFrameworksBuildPhase;
			buildActionMask = 2147483647;
			files = (
			);
			runOnlyForDeploymentPostprocessing = 0;
		};
/* End PBXFrameworksBuildPhase section */

/* Begin PBXGroup section */
		0A4C82792413BBCE0032F185 = {
			isa = PBXGroup;
			children = (
				0A4C82B52413BBF20032F185 /* FIFOQueue.swift */,
				0A4C82842413BBCE0032F185 /* Queue */,
				0A4C829B2413BBCF0032F185 /* QueueTests */,
				0A4C82A62413BBCF0032F185 /* QueueUITests */,
				0A4C82832413BBCE0032F185 /* Products */,
			);
			sourceTree = "<group>";
		};
		0A4C82832413BBCE0032F185 /* Products */ = {
			isa = PBXGroup;
			children = (
				0A4C82822413BBCE0032F185 /* Queue.app */,
				0A4C82982413BBCF0032F185 /* QueueTests.xctest */,
				0A4C82A32413BBCF0032F185 /* QueueUITests.xctest */,
			);
			name = Products;
			sourceTree = "<group>";
		};
		0A4C82842413BBCE0032F185 /* Queue */ = {
			isa = PBXGroup;
			children = (
				0A58959C2414A9AA004CA7D6 /* List.swift */,
				0A4C82852413BBCE0032F185 /* AppDelegate.swift */,
				0A4C82872413BBCE0032F185 /* SceneDelegate.swift */,
				0A4C82892413BBCE0032F185 /* ViewController.swift */,
				0A4C828B2413BBCE0032F185 /* Main.storyboard */,
				0A4C828E2413BBCE0032F185 /* Assets.xcassets */,
				0A4C82902413BBCF0032F185 /* LaunchScreen.storyboard */,
				0A4C82932413BBCF0032F185 /* Info.plist */,
			);
			path = Queue;
			sourceTree = "<group>";
		};
		0A4C829B2413BBCF0032F185 /* QueueTests */ = {
			isa = PBXGroup;
			children = (
				0A4C829C2413BBCF0032F185 /* QueueTests.swift */,
				0A4C829E2413BBCF0032F185 /* Info.plist */,
			);
			path = QueueTests;
			sourceTree = "<group>";
		};
		0A4C82A62413BBCF0032F185 /* QueueUITests */ = {
			isa = PBXGroup;
			children = (
				0A4C82A72413BBCF0032F185 /* QueueUITests.swift */,
				0A4C82A92413BBCF0032F185 /* Info.plist */,
			);
			path = QueueUITests;
			sourceTree = "<group>";
		};
/* End PBXGroup section */

/* Begin PBXNativeTarget section */
		0A4C82812413BBCE0032F185 /* Queue */ = {
			isa = PBXNativeTarget;
			buildConfigurationList = 0A4C82AC2413BBCF0032F185 /* Build configuration list for PBXNativeTarget "Queue" */;
			buildPhases = (
				0A4C827E2413BBCE0032F185 /* Sources */,
				0A4C827F2413BBCE0032F185 /* Frameworks */,
				0A4C82802413BBCE0032F185 /* Resources */,
			);
			buildRules = (
			);
			dependencies = (
			);
			name = Queue;
			productName = Queue;
			productReference = 0A4C82822413BBCE0032F185 /* Queue.app */;
			productType = "com.apple.product-type.application";
		};
		0A4C82972413BBCF0032F185 /* QueueTests */ = {
			isa = PBXNativeTarget;
			buildConfigurationList = 0A4C82AF2413BBCF0032F185 /* Build configuration list for PBXNativeTarget "QueueTests" */;
			buildPhases = (
				0A4C82942413BBCF0032F185 /* Sources */,
				0A4C82952413BBCF0032F185 /* Frameworks */,
				0A4C82962413BBCF0032F185 /* Resources */,
			);
			buildRules = (
			);
			dependencies = (
				0A4C829A2413BBCF0032F185 /* PBXTargetDependency */,
			);
			name = QueueTests;
			productName = QueueTests;
			productReference = 0A4C82982413BBCF0032F185 /* QueueTests.xctest */;
			productType = "com.apple.product-type.bundle.unit-test";
		};
		0A4C82A22413BBCF0032F185 /* QueueUITests */ = {
			isa = PBXNativeTarget;
			buildConfigurationList = 0A4C82B22413BBCF0032F185 /* Build configuration list for PBXNativeTarget "QueueUITests" */;
			buildPhases = (
				0A4C829F2413BBCF0032F185 /* Sources */,
				0A4C82A02413BBCF0032F185 /* Frameworks */,
				0A4C82A12413BBCF0032F185 /* Resources */,
			);
			buildRules = (
			);
			dependencies = (
				0A4C82A52413BBCF0032F185 /* PBXTargetDependency */,
			);
			name = QueueUITests;
			productName = QueueUITests;
			productReference = 0A4C82A32413BBCF0032F185 /* QueueUITests.xctest */;
			productType = "com.apple.product-type.bundle.ui-testing";
		};
/* End PBXNativeTarget section */

/* Begin PBXProject section */
		0A4C827A2413BBCE0032F185 /* Project object */ = {
			isa = PBXProject;
			attributes = {
				LastSwiftUpdateCheck = 1130;
				LastUpgradeCheck = 1130;
				ORGANIZATIONNAME = yuanpinghua;
				TargetAttributes = {
					0A4C82812413BBCE0032F185 = {
						CreatedOnToolsVersion = 11.3.1;
					};
					0A4C82972413BBCF0032F185 = {
						CreatedOnToolsVersion = 11.3.1;
						TestTargetID = 0A4C82812413BBCE0032F185;
					};
					0A4C82A22413BBCF0032F185 = {
						CreatedOnToolsVersion = 11.3.1;
						TestTargetID = 0A4C82812413BBCE0032F185;
					};
				};
			};
			buildConfigurationList = 0A4C827D2413BBCE0032F185 /* Build configuration list for PBXProject "Queue" */;
			compatibilityVersion = "Xcode 9.3";
			developmentRegion = en;
			hasScannedForEncodings = 0;
			knownRegions = (
				en,
				Base,
			);
			mainGroup = 0A4C82792413BBCE0032F185;
			productRefGroup = 0A4C82832413BBCE0032F185 /* Products */;
			projectDirPath = "";
			projectRoot = "";
			targets = (
				0A4C82812413BBCE0032F185 /* Queue */,
				0A4C82972413BBCF0032F185 /* QueueTests */,
				0A4C82A22413BBCF0032F185 /* QueueUITests */,
			);
		};
/* End PBXProject section */

/* Begin PBXResourcesBuildPhase section */
		0A4C82802413BBCE0032F185 /* Resources */ = {
			isa = PBXResourcesBuildPhase;
			buildActionMask = 2147483647;
			files = (
				0A4C82922413BBCF0032F185 /* LaunchScreen.storyboard in Resources */,
				0A4C828F2413BBCF0032F185 /* Assets.xcassets in Resources */,
				0A4C828D2413BBCE0032F185 /* Main.storyboard in Resources */,
			);
			runOnlyForDeploymentPostprocessing = 0;
		};
		0A4C82962413BBCF0032F185 /* Resources */ = {
			isa = PBXResourcesBuildPhase;
			buildActionMask = 2147483647;
			files = (
			);
			runOnlyForDeploymentPostprocessing = 0;
		};
		0A4C82A12413BBCF0032F185 /* Resources */ = {
			isa = PBXResourcesBuildPhase;
			buildActionMask = 2147483647;
			files = (
			);
			runOnlyForDeploymentPostprocessing = 0;
		};
/* End PBXResourcesBuildPhase section */

/* Begin PBXSourcesBuildPhase section */
		0A4C827E2413BBCE0032F185 /* Sources */ = {
			isa = PBXSourcesBuildPhase;
			buildActionMask = 2147483647;
			files = (
				0A4C828A2413BBCE0032F185 /* ViewController.swift in Sources */,
				0A4C82862413BBCE0032F185 /* AppDelegate.swift in Sources */,
				0A4C82882413BBCE0032F185 /* SceneDelegate.swift in Sources */,
				0A58959D2414A9AA004CA7D6 /* List.swift in Sources */,
				0A4C82B62413BBF20032F185 /* FIFOQueue.swift in Sources */,
			);
			runOnlyForDeploymentPostprocessing = 0;
		};
		0A4C82942413BBCF0032F185 /* Sources */ = {
			isa = PBXSourcesBuildPhase;
			buildActionMask = 2147483647;
			files = (
				0A4C829D2413BBCF0032F185 /* QueueTests.swift in Sources */,
				0A58959B2414900B004CA7D6 /* FIFOQueue.swift in Sources */,
				0A58959E2414A9AA004CA7D6 /* List.swift in Sources */,
			);
			runOnlyForDeploymentPostprocessing = 0;
		};
		0A4C829F2413BBCF0032F185 /* Sources */ = {
			isa = PBXSourcesBuildPhase;
			buildActionMask = 2147483647;
			files = (
				0A4C82A82413BBCF0032F185 /* QueueUITests.swift in Sources */,
			);
			runOnlyForDeploymentPostprocessing = 0;
		};
/* End PBXSourcesBuildPhase section */

/* Begin PBXTargetDependency section */
		0A4C829A2413BBCF0032F185 /* PBXTargetDependency */ = {
			isa = PBXTargetDependency;
			target = 0A4C82812413BBCE0032F185 /* Queue */;
			targetProxy = 0A4C82992413BBCF0032F185 /* PBXContainerItemProxy */;
		};
		0A4C82A52413BBCF0032F185 /* PBXTargetDependency */ = {
			isa = PBXTargetDependency;
			target = 0A4C82812413BBCE0032F185 /* Queue */;
			targetProxy = 0A4C82A42413BBCF0032F185 /* PBXContainerItemProxy */;
		};
/* End PBXTargetDependency section */

/* Begin PBXVariantGroup section */
		0A4C828B2413BBCE0032F185 /* Main.storyboard */ = {
			isa = PBXVariantGroup;
			children = (
				0A4C828C2413BBCE0032F185 /* Base */,
			);
			name = Main.storyboard;
			sourceTree = "<group>";
		};
		0A4C82902413BBCF0032F185 /* LaunchScreen.storyboard */ = {
			isa = PBXVariantGroup;
			children = (
				0A4C82912413BBCF0032F185 /* Base */,
			);
			name = LaunchScreen.storyboard;
			sourceTree = "<group>";
		};
/* End PBXVariantGroup section */

/* Begin XCBuildConfiguration section */
		0A4C82AA2413BBCF0032F185 /* Debug */ = {
			isa = XCBuildConfiguration;
			buildSettings = {
				ALWAYS_SEARCH_USER_PATHS = NO;
				CLANG_ANALYZER_NONNULL = YES;
				CLANG_ANALYZER_NUMBER_OBJECT_CONVERSION = YES_AGGRESSIVE;
				CLANG_CXX_LANGUAGE_STANDARD = "gnu++14";
				CLANG_CXX_LIBRARY = "libc++";
				CLANG_ENABLE_MODULES = YES;
				CLANG_ENABLE_OBJC_ARC = YES;
				CLANG_ENABLE_OBJC_WEAK = YES;
				CLANG_WARN_BLOCK_CAPTURE_AUTORELEASING = YES;
				CLANG_WARN_BOOL_CONVERSION = YES;
				CLANG_WARN_COMMA = YES;
				CLANG_WARN_CONSTANT_CONVERSION = YES;
				CLANG_WARN_DEPRECATED_OBJC_IMPLEMENTATIONS = YES;
				CLANG_WARN_DIRECT_OBJC_ISA_USAGE = YES_ERROR;
				CLANG_WARN_DOCUMENTATION_COMMENTS = YES;
				CLANG_WARN_EMPTY_BODY = YES;
				CLANG_WARN_ENUM_CONVERSION = YES;
				CLANG_WARN_INFINITE_RECURSION = YES;
				CLANG_WARN_INT_CONVERSION = YES;
				CLANG_WARN_NON_LITERAL_NULL_CONVERSION = YES;
				CLANG_WARN_OBJC_IMPLICIT_RETAIN_SELF = YES;
				CLANG_WARN_OBJC_LITERAL_CONVERSION = YES;
				CLANG_WARN_OBJC_ROOT_CLASS = YES_ERROR;
				CLANG_WARN_RANGE_LOOP_ANALYSIS = YES;
				CLANG_WARN_STRICT_PROTOTYPES = YES;
				CLANG_WARN_SUSPICIOUS_MOVE = YES;
				CLANG_WARN_UNGUARDED_AVAILABILITY = YES_AGGRESSIVE;
				CLANG_WARN_UNREACHABLE_CODE = YES;
				CLANG_WARN__DUPLICATE_METHOD_MATCH = YES;
				COPY_PHASE_STRIP = NO;
				DEBUG_INFORMATION_FORMAT = dwarf;
				ENABLE_STRICT_OBJC_MSGSEND = YES;
				ENABLE_TESTABILITY = YES;
				GCC_C_LANGUAGE_STANDARD = gnu11;
				GCC_DYNAMIC_NO_PIC = NO;
				GCC_NO_COMMON_BLOCKS = YES;
				GCC_OPTIMIZATION_LEVEL = 0;
				GCC_PREPROCESSOR_DEFINITIONS = (
					"DEBUG=1",
					"$(inherited)",
				);
				GCC_WARN_64_TO_32_BIT_CONVERSION = YES;
				GCC_WARN_ABOUT_RETURN_TYPE = YES_ERROR;
				GCC_WARN_UNDECLARED_SELECTOR = YES;
				GCC_WARN_UNINITIALIZED_AUTOS = YES_AGGRESSIVE;
				GCC_WARN_UNUSED_FUNCTION = YES;
				GCC_WARN_UNUSED_VARIABLE = YES;
				IPHONEOS_DEPLOYMENT_TARGET = 13.2;
				MTL_ENABLE_DEBUG_INFO = INCLUDE_SOURCE;
				MTL_FAST_MATH = YES;
				ONLY_ACTIVE_ARCH = YES;
				SDKROOT = iphoneos;
				SWIFT_ACTIVE_COMPILATION_CONDITIONS = DEBUG;
				SWIFT_OPTIMIZATION_LEVEL = "-Onone";
			};
			name = Debug;
		};
		0A4C82AB2413BBCF0032F185 /* Release */ = {
			isa = XCBuildConfiguration;
			buildSettings = {
				ALWAYS_SEARCH_USER_PATHS = NO;
				CLANG_ANALYZER_NONNULL = YES;
				CLANG_ANALYZER_NUMBER_OBJECT_CONVERSION = YES_AGGRESSIVE;
				CLANG_CXX_LANGUAGE_STANDARD = "gnu++14";
				CLANG_CXX_LIBRARY = "libc++";
				CLANG_ENABLE_MODULES = YES;
				CLANG_ENABLE_OBJC_ARC = YES;
				CLANG_ENABLE_OBJC_WEAK = YES;
				CLANG_WARN_BLOCK_CAPTURE_AUTORELEASING = YES;
				CLANG_WARN_BOOL_CONVERSION = YES;
				CLANG_WARN_COMMA = YES;
				CLANG_WARN_CONSTANT_CONVERSION = YES;
				CLANG_WARN_DEPRECATED_OBJC_IMPLEMENTATIONS = YES;
				CLANG_WARN_DIRECT_OBJC_ISA_USAGE = YES_ERROR;
				CLANG_WARN_DOCUMENTATION_COMMENTS = YES;
				CLANG_WARN_EMPTY_BODY = YES;
				CLANG_WARN_ENUM_CONVERSION = YES;
				CLANG_WARN_INFINITE_RECURSION = YES;
				CLANG_WARN_INT_CONVERSION = YES;
				CLANG_WARN_NON_LITERAL_NULL_CONVERSION = YES;
				CLANG_WARN_OBJC_IMPLICIT_RETAIN_SELF = YES;
				CLANG_WARN_OBJC_LITERAL_CONVERSION = YES;
				CLANG_WARN_OBJC_ROOT_CLASS = YES_ERROR;
				CLANG_WARN_RANGE_LOOP_ANALYSIS = YES;
				CLANG_WARN_STRICT_PROTOTYPES = YES;
				CLANG_WARN_SUSPICIOUS_MOVE = YES;
				CLANG_WARN_UNGUARDED_AVAILABILITY = YES_AGGRESSIVE;
				CLANG_WARN_UNREACHABLE_CODE = YES;
				CLANG_WARN__DUPLICATE_METHOD_MATCH = YES;
				COPY_PHASE_STRIP = NO;
				DEBUG_INFORMATION_FORMAT = "dwarf-with-dsym";
				ENABLE_NS_ASSERTIONS = NO;
				ENABLE_STRICT_OBJC_MSGSEND = YES;
				GCC_C_LANGUAGE_STANDARD = gnu11;
				GCC_NO_COMMON_BLOCKS = YES;
				GCC_WARN_64_TO_32_BIT_CONVERSION = YES;
				GCC_WARN_ABOUT_RETURN_TYPE = YES_ERROR;
				GCC_WARN_UNDECLARED_SELECTOR = YES;
				GCC_WARN_UNINITIALIZED_AUTOS = YES_AGGRESSIVE;
				GCC_WARN_UNUSED_FUNCTION = YES;
				GCC_WARN_UNUSED_VARIABLE = YES;
				IPHONEOS_DEPLOYMENT_TARGET = 13.2;
				MTL_ENABLE_DEBUG_INFO = NO;
				MTL_FAST_MATH = YES;
				SDKROOT = iphoneos;
				SWIFT_COMPILATION_MODE = wholemodule;
				SWIFT_OPTIMIZATION_LEVEL = "-O";
				VALIDATE_PRODUCT = YES;
			};
			name = Release;
		};
		0A4C82AD2413BBCF0032F185 /* Debug */ = {
			isa = XCBuildConfiguration;
			buildSettings = {
				ASSETCATALOG_COMPILER_APPICON_NAME = AppIcon;
				CODE_SIGN_STYLE = Automatic;
				DEVELOPMENT_TEAM = KFSKA2NQKM;
				INFOPLIST_FILE = Queue/Info.plist;
				LD_RUNPATH_SEARCH_PATHS = (
					"$(inherited)",
					"@executable_path/Frameworks",
				);
				PRODUCT_BUNDLE_IDENTIFIER = zhipengbird.Queue;
				PRODUCT_NAME = "$(TARGET_NAME)";
				SWIFT_VERSION = 5.0;
				TARGETED_DEVICE_FAMILY = "1,2";
			};
			name = Debug;
		};
		0A4C82AE2413BBCF0032F185 /* Release */ = {
			isa = XCBuildConfiguration;
			buildSettings = {
				ASSETCATALOG_COMPILER_APPICON_NAME = AppIcon;
				CODE_SIGN_STYLE = Automatic;
				DEVELOPMENT_TEAM = KFSKA2NQKM;
				INFOPLIST_FILE = Queue/Info.plist;
				LD_RUNPATH_SEARCH_PATHS = (
					"$(inherited)",
					"@executable_path/Frameworks",
				);
				PRODUCT_BUNDLE_IDENTIFIER = zhipengbird.Queue;
				PRODUCT_NAME = "$(TARGET_NAME)";
				SWIFT_VERSION = 5.0;
				TARGETED_DEVICE_FAMILY = "1,2";
			};
			name = Release;
		};
		0A4C82B02413BBCF0032F185 /* Debug */ = {
			isa = XCBuildConfiguration;
			buildSettings = {
				ALWAYS_EMBED_SWIFT_STANDARD_LIBRARIES = YES;
				BUNDLE_LOADER = "$(TEST_HOST)";
				CODE_SIGN_STYLE = Automatic;
				DEVELOPMENT_TEAM = KFSKA2NQKM;
				INFOPLIST_FILE = QueueTests/Info.plist;
				IPHONEOS_DEPLOYMENT_TARGET = 13.2;
				LD_RUNPATH_SEARCH_PATHS = (
					"$(inherited)",
					"@executable_path/Frameworks",
					"@loader_path/Frameworks",
				);
				PRODUCT_BUNDLE_IDENTIFIER = zhipengbird.QueueTests;
				PRODUCT_NAME = "$(TARGET_NAME)";
				SWIFT_VERSION = 5.0;
				TARGETED_DEVICE_FAMILY = "1,2";
				TEST_HOST = "$(BUILT_PRODUCTS_DIR)/Queue.app/Queue";
			};
			name = Debug;
		};
		0A4C82B12413BBCF0032F185 /* Release */ = {
			isa = XCBuildConfiguration;
			buildSettings = {
				ALWAYS_EMBED_SWIFT_STANDARD_LIBRARIES = YES;
				BUNDLE_LOADER = "$(TEST_HOST)";
				CODE_SIGN_STYLE = Automatic;
				DEVELOPMENT_TEAM = KFSKA2NQKM;
				INFOPLIST_FILE = QueueTests/Info.plist;
				IPHONEOS_DEPLOYMENT_TARGET = 13.2;
				LD_RUNPATH_SEARCH_PATHS = (
					"$(inherited)",
					"@executable_path/Frameworks",
					"@loader_path/Frameworks",
				);
				PRODUCT_BUNDLE_IDENTIFIER = zhipengbird.QueueTests;
				PRODUCT_NAME = "$(TARGET_NAME)";
				SWIFT_VERSION = 5.0;
				TARGETED_DEVICE_FAMILY = "1,2";
				TEST_HOST = "$(BUILT_PRODUCTS_DIR)/Queue.app/Queue";
			};
			name = Release;
		};
		0A4C82B32413BBCF0032F185 /* Debug */ = {
			isa = XCBuildConfiguration;
			buildSettings = {
				ALWAYS_EMBED_SWIFT_STANDARD_LIBRARIES = YES;
				CODE_SIGN_STYLE = Automatic;
				DEVELOPMENT_TEAM = KFSKA2NQKM;
				INFOPLIST_FILE = QueueUITests/Info.plist;
				LD_RUNPATH_SEARCH_PATHS = (
					"$(inherited)",
					"@executable_path/Frameworks",
					"@loader_path/Frameworks",
				);
				PRODUCT_BUNDLE_IDENTIFIER = zhipengbird.QueueUITests;
				PRODUCT_NAME = "$(TARGET_NAME)";
				SWIFT_VERSION = 5.0;
				TARGETED_DEVICE_FAMILY = "1,2";
				TEST_TARGET_NAME = Queue;
			};
			name = Debug;
		};
		0A4C82B42413BBCF0032F185 /* Release */ = {
			isa = XCBuildConfiguration;
			buildSettings = {
				ALWAYS_EMBED_SWIFT_STANDARD_LIBRARIES = YES;
				CODE_SIGN_STYLE = Automatic;
				DEVELOPMENT_TEAM = KFSKA2NQKM;
				INFOPLIST_FILE = QueueUITests/Info.plist;
				LD_RUNPATH_SEARCH_PATHS = (
					"$(inherited)",
					"@executable_path/Frameworks",
					"@loader_path/Frameworks",
				);
				PRODUCT_BUNDLE_IDENTIFIER = zhipengbird.QueueUITests;
				PRODUCT_NAME = "$(TARGET_NAME)";
				SWIFT_VERSION = 5.0;
				TARGETED_DEVICE_FAMILY = "1,2";
				TEST_TARGET_NAME = Queue;
			};
			name = Release;
		};
/* End XCBuildConfiguration section */

/* Begin XCConfigurationList section */
		0A4C827D2413BBCE0032F185 /* Build configuration list for PBXProject "Queue" */ = {
			isa = XCConfigurationList;
			buildConfigurations = (
				0A4C82AA2413BBCF0032F185 /* Debug */,
				0A4C82AB2413BBCF0032F185 /* Release */,
			);
			defaultConfigurationIsVisible = 0;
			defaultConfigurationName = Release;
		};
		0A4C82AC2413BBCF0032F185 /* Build configuration list for PBXNativeTarget "Queue" */ = {
			isa = XCConfigurationList;
			buildConfigurations = (
				0A4C82AD2413BBCF0032F185 /* Debug */,
				0A4C82AE2413BBCF0032F185 /* Release */,
			);
			defaultConfigurationIsVisible = 0;
			defaultConfigurationName = Release;
		};
		0A4C82AF2413BBCF0032F185 /* Build configuration list for PBXNativeTarget "QueueTests" */ = {
			isa = XCConfigurationList;
			buildConfigurations = (
				0A4C82B02413BBCF0032F185 /* Debug */,
				0A4C82B12413BBCF0032F185 /* Release */,
			);
			defaultConfigurationIsVisible = 0;
			defaultConfigurationName = Release;
		};
		0A4C82B22413BBCF0032F185 /* Build configuration list for PBXNativeTarget "QueueUITests" */ = {
			isa = XCConfigurationList;
			buildConfigurations = (
				0A4C82B32413BBCF0032F185 /* Debug */,
				0A4C82B42413BBCF0032F185 /* Release */,
			);
			defaultConfigurationIsVisible = 0;
			defaultConfigurationName = Release;
		};
/* End XCConfigurationList section */
	};
	rootObject = 0A4C827A2413BBCE0032F185 /* Project object */;
}
